
Microsoft Visual Studio Solution File, Format Version 12.00
# Visual Studio Version 17
VisualStudioVersion = 17.3.32922.545
MinimumVisualStudioVersion = 10.0.40219.1
Project("{9A19103F-16F7-4668-BE54-9A1E7A4F7556}") = "EmployeeManagement_Blazor.Server", "EmployeeManagement_Blazor\Server\EmployeeManagement_Blazor.Server.csproj", "{0A0D78FB-5E4D-4A70-AE4D-FB9056CFD9B0}"
EndProject
Project("{9A19103F-16F7-4668-BE54-9A1E7A4F7556}") = "EmployeeManagement_Blazor.Client", "EmployeeManagement_Blazor\Client\EmployeeManagement_Blazor.Client.csproj", "{EF1B3BF9-2973-4A34-87B7-A5BDF5912D0B}"
EndProject
Project("{9A19103F-16F7-4668-BE54-9A1E7A4F7556}") = "EmployeeManagement_Blazor.Shared", "EmployeeManagement_Blazor\Shared\EmployeeManagement_Blazor.Shared.csproj", "{85230971-8192-47E8-8A05-E057E42930F4}"
EndProject
Global
	GlobalSection(SolutionConfigurationPlatforms) = preSolution
		Debug|Any CPU = Debug|Any CPU
		Release|Any CPU = Release|Any CPU
	EndGlobalSection
	GlobalSection(ProjectConfigurationPlatforms) = postSolution
		{0A0D78FB-5E4D-4A70-AE4D-FB9056CFD9B0}.Debug|Any CPU.ActiveCfg = Debug|Any CPU
		{0A0D78FB-5E4D-4A70-AE4D-FB9056CFD9B0}.Debug|Any CPU.Build.0 = Debug|Any CPU
		{0A0D78FB-5E4D-4A70-AE4D-FB9056CFD9B0}.Release|Any CPU.ActiveCfg = Release|Any CPU
		{0A0D78FB-5E4D-4A70-AE4D-FB9056CFD9B0}.Release|Any CPU.Build.0 = Release|Any CPU
		{EF1B3BF9-2973-4A34-87B7-A5BDF5912D0B}.Debug|Any CPU.ActiveCfg = Debug|Any CPU
		{EF1B3BF9-2973-4A34-87B7-A5BDF5912D0B}.Debug|Any CPU.Build.0 = Debug|Any CPU
		{EF1B3BF9-2973-4A34-87B7-A5BDF5912D0B}.Release|Any CPU.ActiveCfg = Release|Any CPU
		{EF1B3BF9-2973-4A34-87B7-A5BDF5912D0B}.Release|Any CPU.Build.0 = Release|Any CPU
		{85230971-8192-47E8-8A05-E057E42930F4}.Debug|Any CPU.ActiveCfg = Debug|Any CPU
		{85230971-8192-47E8-8A05-E057E42930F4}.Debug|Any CPU.Build.0 = Debug|Any CPU
		{85230971-8192-47E8-8A05-E057E42930F4}.Release|Any CPU.ActiveCfg = Release|Any CPU
		{85230971-8192-47E8-8A05-E057E42930F4}.Release|Any CPU.Build.0 = Release|Any CPU
	EndGlobalSection
	GlobalSection(SolutionProperties) = preSolution
		HideSolutionNode = FALSE
	EndGlobalSection
	GlobalSection(ExtensibilityGlobals) = postSolution
		SolutionGuid = {C9E63A6E-6B55-4F77-B074-800159E5CD14}
	EndGlobalSection
EndGlobal
